
Microsoft Visual Studio Solution File, Format Version 12.00
# Visual Studio Version 17
VisualStudioVersion = 17.2.32616.157
MinimumVisualStudioVersion = 10.0.40219.1
Project("{FAE04EC0-301F-11D3-BF4B-00C04F79EFBC}") = "Day1 Assignment1", "Day1 Assignment1\Day1 Assignment1.csproj", "{FF1750EE-D056-442B-AB64-2203B21EFCE1}"
EndProject
Global
	GlobalSection(SolutionConfigurationPlatforms) = preSolution
		Debug|Any CPU = Debug|Any CPU
		Release|Any CPU = Release|Any CPU
	EndGlobalSection
	GlobalSection(ProjectConfigurationPlatforms) = postSolution
		{FF1750EE-D056-442B-AB64-2203B21EFCE1}.Debug|Any CPU.ActiveCfg = Debug|Any CPU
		{FF1750EE-D056-442B-AB64-2203B21EFCE1}.Debug|Any CPU.Build.0 = Debug|Any CPU
		{FF1750EE-D056-442B-AB64-2203B21EFCE1}.Release|Any CPU.ActiveCfg = Release|Any CPU
		{FF1750EE-D056-442B-AB64-2203B21EFCE1}.Release|Any CPU.Build.0 = Release|Any CPU
	EndGlobalSection
	GlobalSection(SolutionProperties) = preSolution
		HideSolutionNode = FALSE
	EndGlobalSection
	GlobalSection(ExtensibilityGlobals) = postSolution
		SolutionGuid = {34EECBAA-E89C-4FFB-9514-F72E6C27B890}
	EndGlobalSection
EndGlobal
